
Microsoft Visual Studio Solution File, Format Version 12.00
# Visual Studio Version 17
VisualStudioVersion = 17.9.34607.119
MinimumVisualStudioVersion = 10.0.40219.1
Project("{FAE04EC0-301F-11D3-BF4B-00C04F79EFBC}") = "ColorPalette", "ColorPalette\ColorPalette.csproj", "{CFB963D0-CE4D-4F88-A00A-07DCCF6DBE05}"
EndProject
Global
	GlobalSection(SolutionConfigurationPlatforms) = preSolution
		Debug|Any CPU = Debug|Any CPU
		Release|Any CPU = Release|Any CPU
	EndGlobalSection
	GlobalSection(ProjectConfigurationPlatforms) = postSolution
		{CFB963D0-CE4D-4F88-A00A-07DCCF6DBE05}.Debug|Any CPU.ActiveCfg = Debug|Any CPU
		{CFB963D0-CE4D-4F88-A00A-07DCCF6DBE05}.Debug|Any CPU.Build.0 = Debug|Any CPU
		{CFB963D0-CE4D-4F88-A00A-07DCCF6DBE05}.Release|Any CPU.ActiveCfg = Release|Any CPU
		{CFB963D0-CE4D-4F88-A00A-07DCCF6DBE05}.Release|Any CPU.Build.0 = Release|Any CPU
	EndGlobalSection
	GlobalSection(SolutionProperties) = preSolution
		HideSolutionNode = FALSE
	EndGlobalSection
	GlobalSection(ExtensibilityGlobals) = postSolution
		SolutionGuid = {4134F7F4-829C-45F8-AFE4-5864331B06D9}
	EndGlobalSection
EndGlobal
